
Microsoft Visual Studio Solution File, Format Version 12.00
# Visual Studio Version 16
VisualStudioVersion = 16.0.29709.97
MinimumVisualStudioVersion = 10.0.40219.1
Project("{FAE04EC0-301F-11D3-BF4B-00C04F79EFBC}") = "SportsStore", "SportsStore.csproj", "{F927D463-F1A1-4F04-A01C-7BAFDAF00BAB}"
EndProject
Global
	GlobalSection(SolutionConfigurationPlatforms) = preSolution
		Debug|Any CPU = Debug|Any CPU
		Release|Any CPU = Release|Any CPU
	EndGlobalSection
	GlobalSection(ProjectConfigurationPlatforms) = postSolution
		{F927D463-F1A1-4F04-A01C-7BAFDAF00BAB}.Debug|Any CPU.ActiveCfg = Debug|Any CPU
		{F927D463-F1A1-4F04-A01C-7BAFDAF00BAB}.Debug|Any CPU.Build.0 = Debug|Any CPU
		{F927D463-F1A1-4F04-A01C-7BAFDAF00BAB}.Release|Any CPU.ActiveCfg = Release|Any CPU
		{F927D463-F1A1-4F04-A01C-7BAFDAF00BAB}.Release|Any CPU.Build.0 = Release|Any CPU
	EndGlobalSection
	GlobalSection(SolutionProperties) = preSolution
		HideSolutionNode = FALSE
	EndGlobalSection
	GlobalSection(ExtensibilityGlobals) = postSolution
		SolutionGuid = {88AE0A8D-349F-4A4F-BF18-63A2774B9F6B}
	EndGlobalSection
EndGlobal
